
Microsoft Visual Studio Solution File, Format Version 12.00
# Visual Studio 15
VisualStudioVersion = 15.0.27703.2042
MinimumVisualStudioVersion = 10.0.40219.1
Project("{FAE04EC0-301F-11D3-BF4B-00C04F79EFBC}") = "ProstheticIcons", "ProstheticIcons\ProstheticIcons.csproj", "{15FB1EC1-CFDA-4A65-B1FE-B6C5008DE360}"
EndProject
Global
	GlobalSection(SolutionConfigurationPlatforms) = preSolution
		Debug|Any CPU = Debug|Any CPU
		Release|Any CPU = Release|Any CPU
	EndGlobalSection
	GlobalSection(ProjectConfigurationPlatforms) = postSolution
		{15FB1EC1-CFDA-4A65-B1FE-B6C5008DE360}.Debug|Any CPU.ActiveCfg = Debug|Any CPU
		{15FB1EC1-CFDA-4A65-B1FE-B6C5008DE360}.Debug|Any CPU.Build.0 = Debug|Any CPU
		{15FB1EC1-CFDA-4A65-B1FE-B6C5008DE360}.Release|Any CPU.ActiveCfg = Release|Any CPU
		{15FB1EC1-CFDA-4A65-B1FE-B6C5008DE360}.Release|Any CPU.Build.0 = Release|Any CPU
	EndGlobalSection
	GlobalSection(SolutionProperties) = preSolution
		HideSolutionNode = FALSE
	EndGlobalSection
	GlobalSection(ExtensibilityGlobals) = postSolution
		SolutionGuid = {AE413224-8AAB-42AA-9BE2-C8216205D813}
	EndGlobalSection
EndGlobal
